
Microsoft Visual Studio Solution File, Format Version 12.00
# Visual Studio Version 17
VisualStudioVersion = 17.5.33424.131
MinimumVisualStudioVersion = 10.0.40219.1
Project("{9A19103F-16F7-4668-BE54-9A1E7A4F7556}") = "CthulhuBot", "CthulhuBot\CthulhuBot.csproj", "{952C644A-FD68-4115-8F46-CB5796622878}"
EndProject
Project("{2150E333-8FDC-42A3-9474-1A3956D46DE8}") = "Solution Items", "Solution Items", "{E206D34D-0803-4A6A-B691-2ED576ACFAFC}"
	ProjectSection(SolutionItems) = preProject
		.dockerignore = .dockerignore
		.gitattributes = .gitattributes
		.gitignore = .gitignore
		docker-compose.yml = docker-compose.yml
		Dockerfile = Dockerfile
		LICENSE.txt = LICENSE.txt
		CthulhuBot\NuGet.Config = CthulhuBot\NuGet.Config
		README.md = README.md
	EndProjectSection
EndProject
Global
	GlobalSection(SolutionConfigurationPlatforms) = preSolution
		Debug|Any CPU = Debug|Any CPU
		Release|Any CPU = Release|Any CPU
	EndGlobalSection
	GlobalSection(ProjectConfigurationPlatforms) = postSolution
		{952C644A-FD68-4115-8F46-CB5796622878}.Debug|Any CPU.ActiveCfg = Debug|Any CPU
		{952C644A-FD68-4115-8F46-CB5796622878}.Debug|Any CPU.Build.0 = Debug|Any CPU
		{952C644A-FD68-4115-8F46-CB5796622878}.Release|Any CPU.ActiveCfg = Release|Any CPU
		{952C644A-FD68-4115-8F46-CB5796622878}.Release|Any CPU.Build.0 = Release|Any CPU
	EndGlobalSection
	GlobalSection(SolutionProperties) = preSolution
		HideSolutionNode = FALSE
	EndGlobalSection
	GlobalSection(ExtensibilityGlobals) = postSolution
		SolutionGuid = {B5C1CD91-7873-481E-9CE8-C9D4D687E582}
	EndGlobalSection
EndGlobal
